// !$*UTF8*$!
{
	archiveVersion = 1;
	classes = {
	};
	objectVersion = 77;
	objects = {

/* Begin PBXContainerItemProxy section */
		23C2D0D92DB9FB7100F5EFDE /* PBXContainerItemProxy */ = {
			isa = PBXContainerItemProxy;
			containerPortal = 23C2D0C32DB9FB7000F5EFDE /* Project object */;
			proxyType = 1;
			remoteGlobalIDString = 23C2D0CA2DB9FB7000F5EFDE;
			remoteInfo = ui;
		};
		23C2D0E32DB9FB7100F5EFDE /* PBXContainerItemProxy */ = {
			isa = PBXContainerItemProxy;
			containerPortal = 23C2D0C32DB9FB7000F5EFDE /* Project object */;
			proxyType = 1;
			remoteGlobalIDString = 23C2D0CA2DB9FB7000F5EFDE;
			remoteInfo = ui;
		};
/* End PBXContainerItemProxy section */

/* Begin PBXFileReference section */
		23C2D0CB2DB9FB7000F5EFDE /* ui.app */ = {isa = PBXFileReference; explicitFileType = wrapper.application; includeInIndex = 0; path = ui.app; sourceTree = BUILT_PRODUCTS_DIR; };
		23C2D0D82DB9FB7100F5EFDE /* uiTests.xctest */ = {isa = PBXFileReference; explicitFileType = wrapper.cfbundle; includeInIndex = 0; path = uiTests.xctest; sourceTree = BUILT_PRODUCTS_DIR; };
		23C2D0E22DB9FB7100F5EFDE /* uiUITests.xctest */ = {isa = PBXFileReference; explicitFileType = wrapper.cfbundle; includeInIndex = 0; path = uiUITests.xctest; sourceTree = BUILT_PRODUCTS_DIR; };
/* End PBXFileReference section */

/* Begin PBXFileSystemSynchronizedRootGroup section */
		23C2D0CD2DB9FB7000F5EFDE /* ui */ = {
			isa = PBXFileSystemSynchronizedRootGroup;
			path = ui;
			sourceTree = "<group>";
		};
		23C2D0DB2DB9FB7100F5EFDE /* uiTests */ = {
			isa = PBXFileSystemSynchronizedRootGroup;
			path = uiTests;
			sourceTree = "<group>";
		};
		23C2D0E52DB9FB7100F5EFDE /* uiUITests */ = {
			isa = PBXFileSystemSynchronizedRootGroup;
			path = uiUITests;
			sourceTree = "<group>";
		};
/* End PBXFileSystemSynchronizedRootGroup section */

/* Begin PBXFrameworksBuildPhase section */
		23C2D0C82DB9FB7000F5EFDE /* Frameworks */ = {
			isa = PBXFrameworksBuildPhase;
			buildActionMask = 2147483647;
			files = (
			);
			runOnlyForDeploymentPostprocessing = 0;
		};
		23C2D0D52DB9FB7100F5EFDE /* Frameworks */ = {
			isa = PBXFrameworksBuildPhase;
			buildActionMask = 2147483647;
			files = (
			);
			runOnlyForDeploymentPostprocessing = 0;
		};
		23C2D0DF2DB9FB7100F5EFDE /* Frameworks */ = {
			isa = PBXFrameworksBuildPhase;
			buildActionMask = 2147483647;
			files = (
			);
			runOnlyForDeploymentPostprocessing = 0;
		};
/* End PBXFrameworksBuildPhase section */

/* Begin PBXGroup section */
		23C2D0C22DB9FB7000F5EFDE = {
			isa = PBXGroup;
			children = (
				23C2D0CD2DB9FB7000F5EFDE /* ui */,
				23C2D0DB2DB9FB7100F5EFDE /* uiTests */,
				23C2D0E52DB9FB7100F5EFDE /* uiUITests */,
				23C2D0CC2DB9FB7000F5EFDE /* Products */,
			);
			sourceTree = "<group>";
		};
		23C2D0CC2DB9FB7000F5EFDE /* Products */ = {
			isa = PBXGroup;
			children = (
				23C2D0CB2DB9FB7000F5EFDE /* ui.app */,
				23C2D0D82DB9FB7100F5EFDE /* uiTests.xctest */,
				23C2D0E22DB9FB7100F5EFDE /* uiUITests.xctest */,
			);
			name = Products;
			sourceTree = "<group>";
		};
/* End PBXGroup section */

/* Begin PBXNativeTarget section */
		23C2D0CA2DB9FB7000F5EFDE /* ui */ = {
			isa = PBXNativeTarget;
			buildConfigurationList = 23C2D0EC2DB9FB7100F5EFDE /* Build configuration list for PBXNativeTarget "ui" */;
			buildPhases = (
				23C2D0C72DB9FB7000F5EFDE /* Sources */,
				23C2D0C82DB9FB7000F5EFDE /* Frameworks */,
				23C2D0C92DB9FB7000F5EFDE /* Resources */,
			);
			buildRules = (
			);
			dependencies = (
			);
			fileSystemSynchronizedGroups = (
				23C2D0CD2DB9FB7000F5EFDE /* ui */,
			);
			name = ui;
			packageProductDependencies = (
			);
			productName = ui;
			productReference = 23C2D0CB2DB9FB7000F5EFDE /* ui.app */;
			productType = "com.apple.product-type.application";
		};
		23C2D0D72DB9FB7100F5EFDE /* uiTests */ = {
			isa = PBXNativeTarget;
			buildConfigurationList = 23C2D0EF2DB9FB7100F5EFDE /* Build configuration list for PBXNativeTarget "uiTests" */;
			buildPhases = (
				23C2D0D42DB9FB7100F5EFDE /* Sources */,
				23C2D0D52DB9FB7100F5EFDE /* Frameworks */,
				23C2D0D62DB9FB7100F5EFDE /* Resources */,
			);
			buildRules = (
			);
			dependencies = (
				23C2D0DA2DB9FB7100F5EFDE /* PBXTargetDependency */,
			);
			fileSystemSynchronizedGroups = (
				23C2D0DB2DB9FB7100F5EFDE /* uiTests */,
			);
			name = uiTests;
			packageProductDependencies = (
			);
			productName = uiTests;
			productReference = 23C2D0D82DB9FB7100F5EFDE /* uiTests.xctest */;
			productType = "com.apple.product-type.bundle.unit-test";
		};
		23C2D0E12DB9FB7100F5EFDE /* uiUITests */ = {
			isa = PBXNativeTarget;
			buildConfigurationList = 23C2D0F22DB9FB7100F5EFDE /* Build configuration list for PBXNativeTarget "uiUITests" */;
			buildPhases = (
				23C2D0DE2DB9FB7100F5EFDE /* Sources */,
				23C2D0DF2DB9FB7100F5EFDE /* Frameworks */,
				23C2D0E02DB9FB7100F5EFDE /* Resources */,
			);
			buildRules = (
			);
			dependencies = (
				23C2D0E42DB9FB7100F5EFDE /* PBXTargetDependency */,
			);
			fileSystemSynchronizedGroups = (
				23C2D0E52DB9FB7100F5EFDE /* uiUITests */,
			);
			name = uiUITests;
			packageProductDependencies = (
			);
			productName = uiUITests;
			productReference = 23C2D0E22DB9FB7100F5EFDE /* uiUITests.xctest */;
			productType = "com.apple.product-type.bundle.ui-testing";
		};
/* End PBXNativeTarget section */

/* Begin PBXProject section */
		23C2D0C32DB9FB7000F5EFDE /* Project object */ = {
			isa = PBXProject;
			attributes = {
				BuildIndependentTargetsInParallel = 1;
				LastSwiftUpdateCheck = 1630;
				LastUpgradeCheck = 1630;
				TargetAttributes = {
					23C2D0CA2DB9FB7000F5EFDE = {
						CreatedOnToolsVersion = 16.3;
					};
					23C2D0D72DB9FB7100F5EFDE = {
						CreatedOnToolsVersion = 16.3;
						TestTargetID = 23C2D0CA2DB9FB7000F5EFDE;
					};
					23C2D0E12DB9FB7100F5EFDE = {
						CreatedOnToolsVersion = 16.3;
						TestTargetID = 23C2D0CA2DB9FB7000F5EFDE;
					};
				};
			};
			buildConfigurationList = 23C2D0C62DB9FB7000F5EFDE /* Build configuration list for PBXProject "ui" */;
			developmentRegion = en;
			hasScannedForEncodings = 0;
			knownRegions = (
				en,
				Base,
			);
			mainGroup = 23C2D0C22DB9FB7000F5EFDE;
			minimizedProjectReferenceProxies = 1;
			preferredProjectObjectVersion = 77;
			productRefGroup = 23C2D0CC2DB9FB7000F5EFDE /* Products */;
			projectDirPath = "";
			projectRoot = "";
			targets = (
				23C2D0CA2DB9FB7000F5EFDE /* ui */,
				23C2D0D72DB9FB7100F5EFDE /* uiTests */,
				23C2D0E12DB9FB7100F5EFDE /* uiUITests */,
			);
		};
/* End PBXProject section */

/* Begin PBXResourcesBuildPhase section */
		23C2D0C92DB9FB7000F5EFDE /* Resources */ = {
			isa = PBXResourcesBuildPhase;
			buildActionMask = 2147483647;
			files = (
			);
			runOnlyForDeploymentPostprocessing = 0;
		};
		23C2D0D62DB9FB7100F5EFDE /* Resources */ = {
			isa = PBXResourcesBuildPhase;
			buildActionMask = 2147483647;
			files = (
			);
			runOnlyForDeploymentPostprocessing = 0;
		};
		23C2D0E02DB9FB7100F5EFDE /* Resources */ = {
			isa = PBXResourcesBuildPhase;
			buildActionMask = 2147483647;
			files = (
			);
			runOnlyForDeploymentPostprocessing = 0;
		};
/* End PBXResourcesBuildPhase section */

/* Begin PBXSourcesBuildPhase section */
		23C2D0C72DB9FB7000F5EFDE /* Sources */ = {
			isa = PBXSourcesBuildPhase;
			buildActionMask = 2147483647;
			files = (
			);
			runOnlyForDeploymentPostprocessing = 0;
		};
		23C2D0D42DB9FB7100F5EFDE /* Sources */ = {
			isa = PBXSourcesBuildPhase;
			buildActionMask = 2147483647;
			files = (
			);
			runOnlyForDeploymentPostprocessing = 0;
		};
		23C2D0DE2DB9FB7100F5EFDE /* Sources */ = {
			isa = PBXSourcesBuildPhase;
			buildActionMask = 2147483647;
			files = (
			);
			runOnlyForDeploymentPostprocessing = 0;
		};
/* End PBXSourcesBuildPhase section */

/* Begin PBXTargetDependency section */
		23C2D0DA2DB9FB7100F5EFDE /* PBXTargetDependency */ = {
			isa = PBXTargetDependency;
			target = 23C2D0CA2DB9FB7000F5EFDE /* ui */;
			targetProxy = 23C2D0D92DB9FB7100F5EFDE /* PBXContainerItemProxy */;
		};
		23C2D0E42DB9FB7100F5EFDE /* PBXTargetDependency */ = {
			isa = PBXTargetDependency;
			target = 23C2D0CA2DB9FB7000F5EFDE /* ui */;
			targetProxy = 23C2D0E32DB9FB7100F5EFDE /* PBXContainerItemProxy */;
		};
/* End PBXTargetDependency section */

/* Begin XCBuildConfiguration section */
		23C2D0EA2DB9FB7100F5EFDE /* Debug */ = {
			isa = XCBuildConfiguration;
			buildSettings = {
				ALWAYS_SEARCH_USER_PATHS = NO;
				ASSETCATALOG_COMPILER_GENERATE_SWIFT_ASSET_SYMBOL_EXTENSIONS = YES;
				CLANG_ANALYZER_NONNULL = YES;
				CLANG_ANALYZER_NUMBER_OBJECT_CONVERSION = YES_AGGRESSIVE;
				CLANG_CXX_LANGUAGE_STANDARD = "gnu++20";
				CLANG_ENABLE_MODULES = YES;
				CLANG_ENABLE_OBJC_ARC = YES;
				CLANG_ENABLE_OBJC_WEAK = YES;
				CLANG_WARN_BLOCK_CAPTURE_AUTORELEASING = YES;
				CLANG_WARN_BOOL_CONVERSION = YES;
				CLANG_WARN_COMMA = YES;
				CLANG_WARN_CONSTANT_CONVERSION = YES;
				CLANG_WARN_DEPRECATED_OBJC_IMPLEMENTATIONS = YES;
				CLANG_WARN_DIRECT_OBJC_ISA_USAGE = YES_ERROR;
				CLANG_WARN_DOCUMENTATION_COMMENTS = YES;
				CLANG_WARN_EMPTY_BODY = YES;
				CLANG_WARN_ENUM_CONVERSION = YES;
				CLANG_WARN_INFINITE_RECURSION = YES;
				CLANG_WARN_INT_CONVERSION = YES;
				CLANG_WARN_NON_LITERAL_NULL_CONVERSION = YES;
				CLANG_WARN_OBJC_IMPLICIT_RETAIN_SELF = YES;
				CLANG_WARN_OBJC_LITERAL_CONVERSION = YES;
				CLANG_WARN_OBJC_ROOT_CLASS = YES_ERROR;
				CLANG_WARN_QUOTED_INCLUDE_IN_FRAMEWORK_HEADER = YES;
				CLANG_WARN_RANGE_LOOP_ANALYSIS = YES;
				CLANG_WARN_STRICT_PROTOTYPES = YES;
				CLANG_WARN_SUSPICIOUS_MOVE = YES;
				CLANG_WARN_UNGUARDED_AVAILABILITY = YES_AGGRESSIVE;
				CLANG_WARN_UNREACHABLE_CODE = YES;
				CLANG_WARN__DUPLICATE_METHOD_MATCH = YES;
				COPY_PHASE_STRIP = NO;
				DEBUG_INFORMATION_FORMAT = dwarf;
				ENABLE_STRICT_OBJC_MSGSEND = YES;
				ENABLE_TESTABILITY = YES;
				ENABLE_USER_SCRIPT_SANDBOXING = YES;
				GCC_C_LANGUAGE_STANDARD = gnu17;
				GCC_DYNAMIC_NO_PIC = NO;
				GCC_NO_COMMON_BLOCKS = YES;
				GCC_OPTIMIZATION_LEVEL = 0;
				GCC_PREPROCESSOR_DEFINITIONS = (
					"DEBUG=1",
					"$(inherited)",
				);
				GCC_WARN_64_TO_32_BIT_CONVERSION = YES;
				GCC_WARN_ABOUT_RETURN_TYPE = YES_ERROR;
				GCC_WARN_UNDECLARED_SELECTOR = YES;
				GCC_WARN_UNINITIALIZED_AUTOS = YES_AGGRESSIVE;
				GCC_WARN_UNUSED_FUNCTION = YES;
				GCC_WARN_UNUSED_VARIABLE = YES;
				IPHONEOS_DEPLOYMENT_TARGET = 18.4;
				LOCALIZATION_PREFERS_STRING_CATALOGS = YES;
				MTL_ENABLE_DEBUG_INFO = INCLUDE_SOURCE;
				MTL_FAST_MATH = YES;
				ONLY_ACTIVE_ARCH = YES;
				SDKROOT = iphoneos;
				SWIFT_ACTIVE_COMPILATION_CONDITIONS = "DEBUG $(inherited)";
				SWIFT_OPTIMIZATION_LEVEL = "-Onone";
			};
			name = Debug;
		};
		23C2D0EB2DB9FB7100F5EFDE /* Release */ = {
			isa = XCBuildConfiguration;
			buildSettings = {
				ALWAYS_SEARCH_USER_PATHS = NO;
				ASSETCATALOG_COMPILER_GENERATE_SWIFT_ASSET_SYMBOL_EXTENSIONS = YES;
				CLANG_ANALYZER_NONNULL = YES;
				CLANG_ANALYZER_NUMBER_OBJECT_CONVERSION = YES_AGGRESSIVE;
				CLANG_CXX_LANGUAGE_STANDARD = "gnu++20";
				CLANG_ENABLE_MODULES = YES;
				CLANG_ENABLE_OBJC_ARC = YES;
				CLANG_ENABLE_OBJC_WEAK = YES;
				CLANG_WARN_BLOCK_CAPTURE_AUTORELEASING = YES;
				CLANG_WARN_BOOL_CONVERSION = YES;
				CLANG_WARN_COMMA = YES;
				CLANG_WARN_CONSTANT_CONVERSION = YES;
				CLANG_WARN_DEPRECATED_OBJC_IMPLEMENTATIONS = YES;
				CLANG_WARN_DIRECT_OBJC_ISA_USAGE = YES_ERROR;
				CLANG_WARN_DOCUMENTATION_COMMENTS = YES;
				CLANG_WARN_EMPTY_BODY = YES;
				CLANG_WARN_ENUM_CONVERSION = YES;
				CLANG_WARN_INFINITE_RECURSION = YES;
				CLANG_WARN_INT_CONVERSION = YES;
				CLANG_WARN_NON_LITERAL_NULL_CONVERSION = YES;
				CLANG_WARN_OBJC_IMPLICIT_RETAIN_SELF = YES;
				CLANG_WARN_OBJC_LITERAL_CONVERSION = YES;
				CLANG_WARN_OBJC_ROOT_CLASS = YES_ERROR;
				CLANG_WARN_QUOTED_INCLUDE_IN_FRAMEWORK_HEADER = YES;
				CLANG_WARN_RANGE_LOOP_ANALYSIS = YES;
				CLANG_WARN_STRICT_PROTOTYPES = YES;
				CLANG_WARN_SUSPICIOUS_MOVE = YES;
				CLANG_WARN_UNGUARDED_AVAILABILITY = YES_AGGRESSIVE;
				CLANG_WARN_UNREACHABLE_CODE = YES;
				CLANG_WARN__DUPLICATE_METHOD_MATCH = YES;
				COPY_PHASE_STRIP = NO;
				DEBUG_INFORMATION_FORMAT = "dwarf-with-dsym";
				ENABLE_NS_ASSERTIONS = NO;
				ENABLE_STRICT_OBJC_MSGSEND = YES;
				ENABLE_USER_SCRIPT_SANDBOXING = YES;
				GCC_C_LANGUAGE_STANDARD = gnu17;
				GCC_NO_COMMON_BLOCKS = YES;
				GCC_WARN_64_TO_32_BIT_CONVERSION = YES;
				GCC_WARN_ABOUT_RETURN_TYPE = YES_ERROR;
				GCC_WARN_UNDECLARED_SELECTOR = YES;
				GCC_WARN_UNINITIALIZED_AUTOS = YES_AGGRESSIVE;
				GCC_WARN_UNUSED_FUNCTION = YES;
				GCC_WARN_UNUSED_VARIABLE = YES;
				IPHONEOS_DEPLOYMENT_TARGET = 18.4;
				LOCALIZATION_PREFERS_STRING_CATALOGS = YES;
				MTL_ENABLE_DEBUG_INFO = NO;
				MTL_FAST_MATH = YES;
				SDKROOT = iphoneos;
				SWIFT_COMPILATION_MODE = wholemodule;
				VALIDATE_PRODUCT = YES;
			};
			name = Release;
		};
		23C2D0ED2DB9FB7100F5EFDE /* Debug */ = {
			isa = XCBuildConfiguration;
			buildSettings = {
				ASSETCATALOG_COMPILER_APPICON_NAME = AppIcon;
				ASSETCATALOG_COMPILER_GLOBAL_ACCENT_COLOR_NAME = AccentColor;
				CODE_SIGN_STYLE = Automatic;
				CURRENT_PROJECT_VERSION = 1;
				ENABLE_PREVIEWS = YES;
				GENERATE_INFOPLIST_FILE = YES;
				INFOPLIST_KEY_UIApplicationSceneManifest_Generation = YES;
				INFOPLIST_KEY_UIApplicationSupportsIndirectInputEvents = YES;
				INFOPLIST_KEY_UILaunchScreen_Generation = YES;
				INFOPLIST_KEY_UISupportedInterfaceOrientations_iPad = "UIInterfaceOrientationPortrait UIInterfaceOrientationPortraitUpsideDown UIInterfaceOrientationLandscapeLeft UIInterfaceOrientationLandscapeRight";
				INFOPLIST_KEY_UISupportedInterfaceOrientations_iPhone = "UIInterfaceOrientationPortrait UIInterfaceOrientationLandscapeLeft UIInterfaceOrientationLandscapeRight";
				LD_RUNPATH_SEARCH_PATHS = (
					"$(inherited)",
					"@executable_path/Frameworks",
				);
				MARKETING_VERSION = 1.0;
				PRODUCT_BUNDLE_IDENTIFIER = ak.ui;
				PRODUCT_NAME = "$(TARGET_NAME)";
				SWIFT_EMIT_LOC_STRINGS = YES;
				SWIFT_VERSION = 5.0;
				TARGETED_DEVICE_FAMILY = "1,2";
			};
			name = Debug;
		};
		23C2D0EE2DB9FB7100F5EFDE /* Release */ = {
			isa = XCBuildConfiguration;
			buildSettings = {
				ASSETCATALOG_COMPILER_APPICON_NAME = AppIcon;
				ASSETCATALOG_COMPILER_GLOBAL_ACCENT_COLOR_NAME = AccentColor;
				CODE_SIGN_STYLE = Automatic;
				CURRENT_PROJECT_VERSION = 1;
				ENABLE_PREVIEWS = YES;
				GENERATE_INFOPLIST_FILE = YES;
				INFOPLIST_KEY_UIApplicationSceneManifest_Generation = YES;
				INFOPLIST_KEY_UIApplicationSupportsIndirectInputEvents = YES;
				INFOPLIST_KEY_UILaunchScreen_Generation = YES;
				INFOPLIST_KEY_UISupportedInterfaceOrientations_iPad = "UIInterfaceOrientationPortrait UIInterfaceOrientationPortraitUpsideDown UIInterfaceOrientationLandscapeLeft UIInterfaceOrientationLandscapeRight";
				INFOPLIST_KEY_UISupportedInterfaceOrientations_iPhone = "UIInterfaceOrientationPortrait UIInterfaceOrientationLandscapeLeft UIInterfaceOrientationLandscapeRight";
				LD_RUNPATH_SEARCH_PATHS = (
					"$(inherited)",
					"@executable_path/Frameworks",
				);
				MARKETING_VERSION = 1.0;
				PRODUCT_BUNDLE_IDENTIFIER = ak.ui;
				PRODUCT_NAME = "$(TARGET_NAME)";
				SWIFT_EMIT_LOC_STRINGS = YES;
				SWIFT_VERSION = 5.0;
				TARGETED_DEVICE_FAMILY = "1,2";
			};
			name = Release;
		};
		23C2D0F02DB9FB7100F5EFDE /* Debug */ = {
			isa = XCBuildConfiguration;
			buildSettings = {
				BUNDLE_LOADER = "$(TEST_HOST)";
				CODE_SIGN_STYLE = Automatic;
				CURRENT_PROJECT_VERSION = 1;
				GENERATE_INFOPLIST_FILE = YES;
				IPHONEOS_DEPLOYMENT_TARGET = 18.4;
				MARKETING_VERSION = 1.0;
				PRODUCT_BUNDLE_IDENTIFIER = ak.uiTests;
				PRODUCT_NAME = "$(TARGET_NAME)";
				SWIFT_EMIT_LOC_STRINGS = NO;
				SWIFT_VERSION = 5.0;
				TARGETED_DEVICE_FAMILY = "1,2";
				TEST_HOST = "$(BUILT_PRODUCTS_DIR)/ui.app/$(BUNDLE_EXECUTABLE_FOLDER_PATH)/ui";
			};
			name = Debug;
		};
		23C2D0F12DB9FB7100F5EFDE /* Release */ = {
			isa = XCBuildConfiguration;
			buildSettings = {
				BUNDLE_LOADER = "$(TEST_HOST)";
				CODE_SIGN_STYLE = Automatic;
				CURRENT_PROJECT_VERSION = 1;
				GENERATE_INFOPLIST_FILE = YES;
				IPHONEOS_DEPLOYMENT_TARGET = 18.4;
				MARKETING_VERSION = 1.0;
				PRODUCT_BUNDLE_IDENTIFIER = ak.uiTests;
				PRODUCT_NAME = "$(TARGET_NAME)";
				SWIFT_EMIT_LOC_STRINGS = NO;
				SWIFT_VERSION = 5.0;
				TARGETED_DEVICE_FAMILY = "1,2";
				TEST_HOST = "$(BUILT_PRODUCTS_DIR)/ui.app/$(BUNDLE_EXECUTABLE_FOLDER_PATH)/ui";
			};
			name = Release;
		};
		23C2D0F32DB9FB7100F5EFDE /* Debug */ = {
			isa = XCBuildConfiguration;
			buildSettings = {
				CODE_SIGN_STYLE = Automatic;
				CURRENT_PROJECT_VERSION = 1;
				GENERATE_INFOPLIST_FILE = YES;
				MARKETING_VERSION = 1.0;
				PRODUCT_BUNDLE_IDENTIFIER = ak.uiUITests;
				PRODUCT_NAME = "$(TARGET_NAME)";
				SWIFT_EMIT_LOC_STRINGS = NO;
				SWIFT_VERSION = 5.0;
				TARGETED_DEVICE_FAMILY = "1,2";
				TEST_TARGET_NAME = ui;
			};
			name = Debug;
		};
		23C2D0F42DB9FB7100F5EFDE /* Release */ = {
			isa = XCBuildConfiguration;
			buildSettings = {
				CODE_SIGN_STYLE = Automatic;
				CURRENT_PROJECT_VERSION = 1;
				GENERATE_INFOPLIST_FILE = YES;
				MARKETING_VERSION = 1.0;
				PRODUCT_BUNDLE_IDENTIFIER = ak.uiUITests;
				PRODUCT_NAME = "$(TARGET_NAME)";
				SWIFT_EMIT_LOC_STRINGS = NO;
				SWIFT_VERSION = 5.0;
				TARGETED_DEVICE_FAMILY = "1,2";
				TEST_TARGET_NAME = ui;
			};
			name = Release;
		};
/* End XCBuildConfiguration section */

/* Begin XCConfigurationList section */
		23C2D0C62DB9FB7000F5EFDE /* Build configuration list for PBXProject "ui" */ = {
			isa = XCConfigurationList;
			buildConfigurations = (
				23C2D0EA2DB9FB7100F5EFDE /* Debug */,
				23C2D0EB2DB9FB7100F5EFDE /* Release */,
			);
			defaultConfigurationIsVisible = 0;
			defaultConfigurationName = Release;
		};
		23C2D0EC2DB9FB7100F5EFDE /* Build configuration list for PBXNativeTarget "ui" */ = {
			isa = XCConfigurationList;
			buildConfigurations = (
				23C2D0ED2DB9FB7100F5EFDE /* Debug */,
				23C2D0EE2DB9FB7100F5EFDE /* Release */,
			);
			defaultConfigurationIsVisible = 0;
			defaultConfigurationName = Release;
		};
		23C2D0EF2DB9FB7100F5EFDE /* Build configuration list for PBXNativeTarget "uiTests" */ = {
			isa = XCConfigurationList;
			buildConfigurations = (
				23C2D0F02DB9FB7100F5EFDE /* Debug */,
				23C2D0F12DB9FB7100F5EFDE /* Release */,
			);
			defaultConfigurationIsVisible = 0;
			defaultConfigurationName = Release;
		};
		23C2D0F22DB9FB7100F5EFDE /* Build configuration list for PBXNativeTarget "uiUITests" */ = {
			isa = XCConfigurationList;
			buildConfigurations = (
				23C2D0F32DB9FB7100F5EFDE /* Debug */,
				23C2D0F42DB9FB7100F5EFDE /* Release */,
			);
			defaultConfigurationIsVisible = 0;
			defaultConfigurationName = Release;
		};
/* End XCConfigurationList section */
	};
	rootObject = 23C2D0C32DB9FB7000F5EFDE /* Project object */;
}
