// !$*UTF8*$!
{
	archiveVersion = 1;
	classes = {
	};
	objectVersion = 77;
	objects = {

/* Begin PBXContainerItemProxy section */
		233C60A92DC0AF8F00F2D515 /* PBXContainerItemProxy */ = {
			isa = PBXContainerItemProxy;
			containerPortal = 233C60932DC0AF8D00F2D515 /* Project object */;
			proxyType = 1;
			remoteGlobalIDString = 233C609A2DC0AF8D00F2D515;
			remoteInfo = unitTesting;
		};
		233C60B32DC0AF8F00F2D515 /* PBXContainerItemProxy */ = {
			isa = PBXContainerItemProxy;
			containerPortal = 233C60932DC0AF8D00F2D515 /* Project object */;
			proxyType = 1;
			remoteGlobalIDString = 233C609A2DC0AF8D00F2D515;
			remoteInfo = unitTesting;
		};
/* End PBXContainerItemProxy section */

/* Begin PBXFileReference section */
		233C609B2DC0AF8D00F2D515 /* unitTesting.app */ = {isa = PBXFileReference; explicitFileType = wrapper.application; includeInIndex = 0; path = unitTesting.app; sourceTree = BUILT_PRODUCTS_DIR; };
		233C60A82DC0AF8F00F2D515 /* unitTestingTests.xctest */ = {isa = PBXFileReference; explicitFileType = wrapper.cfbundle; includeInIndex = 0; path = unitTestingTests.xctest; sourceTree = BUILT_PRODUCTS_DIR; };
		233C60B22DC0AF8F00F2D515 /* unitTestingUITests.xctest */ = {isa = PBXFileReference; explicitFileType = wrapper.cfbundle; includeInIndex = 0; path = unitTestingUITests.xctest; sourceTree = BUILT_PRODUCTS_DIR; };
/* End PBXFileReference section */

/* Begin PBXFileSystemSynchronizedRootGroup section */
		233C609D2DC0AF8D00F2D515 /* unitTesting */ = {
			isa = PBXFileSystemSynchronizedRootGroup;
			path = unitTesting;
			sourceTree = "<group>";
		};
		233C60AB2DC0AF8F00F2D515 /* unitTestingTests */ = {
			isa = PBXFileSystemSynchronizedRootGroup;
			path = unitTestingTests;
			sourceTree = "<group>";
		};
		233C60B52DC0AF8F00F2D515 /* unitTestingUITests */ = {
			isa = PBXFileSystemSynchronizedRootGroup;
			path = unitTestingUITests;
			sourceTree = "<group>";
		};
/* End PBXFileSystemSynchronizedRootGroup section */

/* Begin PBXFrameworksBuildPhase section */
		233C60982DC0AF8D00F2D515 /* Frameworks */ = {
			isa = PBXFrameworksBuildPhase;
			buildActionMask = 2147483647;
			files = (
			);
			runOnlyForDeploymentPostprocessing = 0;
		};
		233C60A52DC0AF8F00F2D515 /* Frameworks */ = {
			isa = PBXFrameworksBuildPhase;
			buildActionMask = 2147483647;
			files = (
			);
			runOnlyForDeploymentPostprocessing = 0;
		};
		233C60AF2DC0AF8F00F2D515 /* Frameworks */ = {
			isa = PBXFrameworksBuildPhase;
			buildActionMask = 2147483647;
			files = (
			);
			runOnlyForDeploymentPostprocessing = 0;
		};
/* End PBXFrameworksBuildPhase section */

/* Begin PBXGroup section */
		233C60922DC0AF8D00F2D515 = {
			isa = PBXGroup;
			children = (
				233C609D2DC0AF8D00F2D515 /* unitTesting */,
				233C60AB2DC0AF8F00F2D515 /* unitTestingTests */,
				233C60B52DC0AF8F00F2D515 /* unitTestingUITests */,
				233C609C2DC0AF8D00F2D515 /* Products */,
			);
			sourceTree = "<group>";
		};
		233C609C2DC0AF8D00F2D515 /* Products */ = {
			isa = PBXGroup;
			children = (
				233C609B2DC0AF8D00F2D515 /* unitTesting.app */,
				233C60A82DC0AF8F00F2D515 /* unitTestingTests.xctest */,
				233C60B22DC0AF8F00F2D515 /* unitTestingUITests.xctest */,
			);
			name = Products;
			sourceTree = "<group>";
		};
/* End PBXGroup section */

/* Begin PBXNativeTarget section */
		233C609A2DC0AF8D00F2D515 /* unitTesting */ = {
			isa = PBXNativeTarget;
			buildConfigurationList = 233C60BC2DC0AF8F00F2D515 /* Build configuration list for PBXNativeTarget "unitTesting" */;
			buildPhases = (
				233C60972DC0AF8D00F2D515 /* Sources */,
				233C60982DC0AF8D00F2D515 /* Frameworks */,
				233C60992DC0AF8D00F2D515 /* Resources */,
			);
			buildRules = (
			);
			dependencies = (
			);
			fileSystemSynchronizedGroups = (
				233C609D2DC0AF8D00F2D515 /* unitTesting */,
			);
			name = unitTesting;
			packageProductDependencies = (
			);
			productName = unitTesting;
			productReference = 233C609B2DC0AF8D00F2D515 /* unitTesting.app */;
			productType = "com.apple.product-type.application";
		};
		233C60A72DC0AF8F00F2D515 /* unitTestingTests */ = {
			isa = PBXNativeTarget;
			buildConfigurationList = 233C60BF2DC0AF8F00F2D515 /* Build configuration list for PBXNativeTarget "unitTestingTests" */;
			buildPhases = (
				233C60A42DC0AF8F00F2D515 /* Sources */,
				233C60A52DC0AF8F00F2D515 /* Frameworks */,
				233C60A62DC0AF8F00F2D515 /* Resources */,
			);
			buildRules = (
			);
			dependencies = (
				233C60AA2DC0AF8F00F2D515 /* PBXTargetDependency */,
			);
			fileSystemSynchronizedGroups = (
				233C60AB2DC0AF8F00F2D515 /* unitTestingTests */,
			);
			name = unitTestingTests;
			packageProductDependencies = (
			);
			productName = unitTestingTests;
			productReference = 233C60A82DC0AF8F00F2D515 /* unitTestingTests.xctest */;
			productType = "com.apple.product-type.bundle.unit-test";
		};
		233C60B12DC0AF8F00F2D515 /* unitTestingUITests */ = {
			isa = PBXNativeTarget;
			buildConfigurationList = 233C60C22DC0AF8F00F2D515 /* Build configuration list for PBXNativeTarget "unitTestingUITests" */;
			buildPhases = (
				233C60AE2DC0AF8F00F2D515 /* Sources */,
				233C60AF2DC0AF8F00F2D515 /* Frameworks */,
				233C60B02DC0AF8F00F2D515 /* Resources */,
			);
			buildRules = (
			);
			dependencies = (
				233C60B42DC0AF8F00F2D515 /* PBXTargetDependency */,
			);
			fileSystemSynchronizedGroups = (
				233C60B52DC0AF8F00F2D515 /* unitTestingUITests */,
			);
			name = unitTestingUITests;
			packageProductDependencies = (
			);
			productName = unitTestingUITests;
			productReference = 233C60B22DC0AF8F00F2D515 /* unitTestingUITests.xctest */;
			productType = "com.apple.product-type.bundle.ui-testing";
		};
/* End PBXNativeTarget section */

/* Begin PBXProject section */
		233C60932DC0AF8D00F2D515 /* Project object */ = {
			isa = PBXProject;
			attributes = {
				BuildIndependentTargetsInParallel = 1;
				LastSwiftUpdateCheck = 1630;
				LastUpgradeCheck = 1630;
				TargetAttributes = {
					233C609A2DC0AF8D00F2D515 = {
						CreatedOnToolsVersion = 16.3;
					};
					233C60A72DC0AF8F00F2D515 = {
						CreatedOnToolsVersion = 16.3;
						TestTargetID = 233C609A2DC0AF8D00F2D515;
					};
					233C60B12DC0AF8F00F2D515 = {
						CreatedOnToolsVersion = 16.3;
						TestTargetID = 233C609A2DC0AF8D00F2D515;
					};
				};
			};
			buildConfigurationList = 233C60962DC0AF8D00F2D515 /* Build configuration list for PBXProject "unitTesting" */;
			developmentRegion = en;
			hasScannedForEncodings = 0;
			knownRegions = (
				en,
				Base,
			);
			mainGroup = 233C60922DC0AF8D00F2D515;
			minimizedProjectReferenceProxies = 1;
			preferredProjectObjectVersion = 77;
			productRefGroup = 233C609C2DC0AF8D00F2D515 /* Products */;
			projectDirPath = "";
			projectRoot = "";
			targets = (
				233C609A2DC0AF8D00F2D515 /* unitTesting */,
				233C60A72DC0AF8F00F2D515 /* unitTestingTests */,
				233C60B12DC0AF8F00F2D515 /* unitTestingUITests */,
			);
		};
/* End PBXProject section */

/* Begin PBXResourcesBuildPhase section */
		233C60992DC0AF8D00F2D515 /* Resources */ = {
			isa = PBXResourcesBuildPhase;
			buildActionMask = 2147483647;
			files = (
			);
			runOnlyForDeploymentPostprocessing = 0;
		};
		233C60A62DC0AF8F00F2D515 /* Resources */ = {
			isa = PBXResourcesBuildPhase;
			buildActionMask = 2147483647;
			files = (
			);
			runOnlyForDeploymentPostprocessing = 0;
		};
		233C60B02DC0AF8F00F2D515 /* Resources */ = {
			isa = PBXResourcesBuildPhase;
			buildActionMask = 2147483647;
			files = (
			);
			runOnlyForDeploymentPostprocessing = 0;
		};
/* End PBXResourcesBuildPhase section */

/* Begin PBXSourcesBuildPhase section */
		233C60972DC0AF8D00F2D515 /* Sources */ = {
			isa = PBXSourcesBuildPhase;
			buildActionMask = 2147483647;
			files = (
			);
			runOnlyForDeploymentPostprocessing = 0;
		};
		233C60A42DC0AF8F00F2D515 /* Sources */ = {
			isa = PBXSourcesBuildPhase;
			buildActionMask = 2147483647;
			files = (
			);
			runOnlyForDeploymentPostprocessing = 0;
		};
		233C60AE2DC0AF8F00F2D515 /* Sources */ = {
			isa = PBXSourcesBuildPhase;
			buildActionMask = 2147483647;
			files = (
			);
			runOnlyForDeploymentPostprocessing = 0;
		};
/* End PBXSourcesBuildPhase section */

/* Begin PBXTargetDependency section */
		233C60AA2DC0AF8F00F2D515 /* PBXTargetDependency */ = {
			isa = PBXTargetDependency;
			target = 233C609A2DC0AF8D00F2D515 /* unitTesting */;
			targetProxy = 233C60A92DC0AF8F00F2D515 /* PBXContainerItemProxy */;
		};
		233C60B42DC0AF8F00F2D515 /* PBXTargetDependency */ = {
			isa = PBXTargetDependency;
			target = 233C609A2DC0AF8D00F2D515 /* unitTesting */;
			targetProxy = 233C60B32DC0AF8F00F2D515 /* PBXContainerItemProxy */;
		};
/* End PBXTargetDependency section */

/* Begin XCBuildConfiguration section */
		233C60BA2DC0AF8F00F2D515 /* Debug */ = {
			isa = XCBuildConfiguration;
			buildSettings = {
				ALWAYS_SEARCH_USER_PATHS = NO;
				ASSETCATALOG_COMPILER_GENERATE_SWIFT_ASSET_SYMBOL_EXTENSIONS = YES;
				CLANG_ANALYZER_NONNULL = YES;
				CLANG_ANALYZER_NUMBER_OBJECT_CONVERSION = YES_AGGRESSIVE;
				CLANG_CXX_LANGUAGE_STANDARD = "gnu++20";
				CLANG_ENABLE_MODULES = YES;
				CLANG_ENABLE_OBJC_ARC = YES;
				CLANG_ENABLE_OBJC_WEAK = YES;
				CLANG_WARN_BLOCK_CAPTURE_AUTORELEASING = YES;
				CLANG_WARN_BOOL_CONVERSION = YES;
				CLANG_WARN_COMMA = YES;
				CLANG_WARN_CONSTANT_CONVERSION = YES;
				CLANG_WARN_DEPRECATED_OBJC_IMPLEMENTATIONS = YES;
				CLANG_WARN_DIRECT_OBJC_ISA_USAGE = YES_ERROR;
				CLANG_WARN_DOCUMENTATION_COMMENTS = YES;
				CLANG_WARN_EMPTY_BODY = YES;
				CLANG_WARN_ENUM_CONVERSION = YES;
				CLANG_WARN_INFINITE_RECURSION = YES;
				CLANG_WARN_INT_CONVERSION = YES;
				CLANG_WARN_NON_LITERAL_NULL_CONVERSION = YES;
				CLANG_WARN_OBJC_IMPLICIT_RETAIN_SELF = YES;
				CLANG_WARN_OBJC_LITERAL_CONVERSION = YES;
				CLANG_WARN_OBJC_ROOT_CLASS = YES_ERROR;
				CLANG_WARN_QUOTED_INCLUDE_IN_FRAMEWORK_HEADER = YES;
				CLANG_WARN_RANGE_LOOP_ANALYSIS = YES;
				CLANG_WARN_STRICT_PROTOTYPES = YES;
				CLANG_WARN_SUSPICIOUS_MOVE = YES;
				CLANG_WARN_UNGUARDED_AVAILABILITY = YES_AGGRESSIVE;
				CLANG_WARN_UNREACHABLE_CODE = YES;
				CLANG_WARN__DUPLICATE_METHOD_MATCH = YES;
				COPY_PHASE_STRIP = NO;
				DEBUG_INFORMATION_FORMAT = dwarf;
				ENABLE_STRICT_OBJC_MSGSEND = YES;
				ENABLE_TESTABILITY = YES;
				ENABLE_USER_SCRIPT_SANDBOXING = YES;
				GCC_C_LANGUAGE_STANDARD = gnu17;
				GCC_DYNAMIC_NO_PIC = NO;
				GCC_NO_COMMON_BLOCKS = YES;
				GCC_OPTIMIZATION_LEVEL = 0;
				GCC_PREPROCESSOR_DEFINITIONS = (
					"DEBUG=1",
					"$(inherited)",
				);
				GCC_WARN_64_TO_32_BIT_CONVERSION = YES;
				GCC_WARN_ABOUT_RETURN_TYPE = YES_ERROR;
				GCC_WARN_UNDECLARED_SELECTOR = YES;
				GCC_WARN_UNINITIALIZED_AUTOS = YES_AGGRESSIVE;
				GCC_WARN_UNUSED_FUNCTION = YES;
				GCC_WARN_UNUSED_VARIABLE = YES;
				IPHONEOS_DEPLOYMENT_TARGET = 18.4;
				LOCALIZATION_PREFERS_STRING_CATALOGS = YES;
				MTL_ENABLE_DEBUG_INFO = INCLUDE_SOURCE;
				MTL_FAST_MATH = YES;
				ONLY_ACTIVE_ARCH = YES;
				SDKROOT = iphoneos;
				SWIFT_ACTIVE_COMPILATION_CONDITIONS = "DEBUG $(inherited)";
				SWIFT_OPTIMIZATION_LEVEL = "-Onone";
			};
			name = Debug;
		};
		233C60BB2DC0AF8F00F2D515 /* Release */ = {
			isa = XCBuildConfiguration;
			buildSettings = {
				ALWAYS_SEARCH_USER_PATHS = NO;
				ASSETCATALOG_COMPILER_GENERATE_SWIFT_ASSET_SYMBOL_EXTENSIONS = YES;
				CLANG_ANALYZER_NONNULL = YES;
				CLANG_ANALYZER_NUMBER_OBJECT_CONVERSION = YES_AGGRESSIVE;
				CLANG_CXX_LANGUAGE_STANDARD = "gnu++20";
				CLANG_ENABLE_MODULES = YES;
				CLANG_ENABLE_OBJC_ARC = YES;
				CLANG_ENABLE_OBJC_WEAK = YES;
				CLANG_WARN_BLOCK_CAPTURE_AUTORELEASING = YES;
				CLANG_WARN_BOOL_CONVERSION = YES;
				CLANG_WARN_COMMA = YES;
				CLANG_WARN_CONSTANT_CONVERSION = YES;
				CLANG_WARN_DEPRECATED_OBJC_IMPLEMENTATIONS = YES;
				CLANG_WARN_DIRECT_OBJC_ISA_USAGE = YES_ERROR;
				CLANG_WARN_DOCUMENTATION_COMMENTS = YES;
				CLANG_WARN_EMPTY_BODY = YES;
				CLANG_WARN_ENUM_CONVERSION = YES;
				CLANG_WARN_INFINITE_RECURSION = YES;
				CLANG_WARN_INT_CONVERSION = YES;
				CLANG_WARN_NON_LITERAL_NULL_CONVERSION = YES;
				CLANG_WARN_OBJC_IMPLICIT_RETAIN_SELF = YES;
				CLANG_WARN_OBJC_LITERAL_CONVERSION = YES;
				CLANG_WARN_OBJC_ROOT_CLASS = YES_ERROR;
				CLANG_WARN_QUOTED_INCLUDE_IN_FRAMEWORK_HEADER = YES;
				CLANG_WARN_RANGE_LOOP_ANALYSIS = YES;
				CLANG_WARN_STRICT_PROTOTYPES = YES;
				CLANG_WARN_SUSPICIOUS_MOVE = YES;
				CLANG_WARN_UNGUARDED_AVAILABILITY = YES_AGGRESSIVE;
				CLANG_WARN_UNREACHABLE_CODE = YES;
				CLANG_WARN__DUPLICATE_METHOD_MATCH = YES;
				COPY_PHASE_STRIP = NO;
				DEBUG_INFORMATION_FORMAT = "dwarf-with-dsym";
				ENABLE_NS_ASSERTIONS = NO;
				ENABLE_STRICT_OBJC_MSGSEND = YES;
				ENABLE_USER_SCRIPT_SANDBOXING = YES;
				GCC_C_LANGUAGE_STANDARD = gnu17;
				GCC_NO_COMMON_BLOCKS = YES;
				GCC_WARN_64_TO_32_BIT_CONVERSION = YES;
				GCC_WARN_ABOUT_RETURN_TYPE = YES_ERROR;
				GCC_WARN_UNDECLARED_SELECTOR = YES;
				GCC_WARN_UNINITIALIZED_AUTOS = YES_AGGRESSIVE;
				GCC_WARN_UNUSED_FUNCTION = YES;
				GCC_WARN_UNUSED_VARIABLE = YES;
				IPHONEOS_DEPLOYMENT_TARGET = 18.4;
				LOCALIZATION_PREFERS_STRING_CATALOGS = YES;
				MTL_ENABLE_DEBUG_INFO = NO;
				MTL_FAST_MATH = YES;
				SDKROOT = iphoneos;
				SWIFT_COMPILATION_MODE = wholemodule;
				VALIDATE_PRODUCT = YES;
			};
			name = Release;
		};
		233C60BD2DC0AF8F00F2D515 /* Debug */ = {
			isa = XCBuildConfiguration;
			buildSettings = {
				ASSETCATALOG_COMPILER_APPICON_NAME = AppIcon;
				ASSETCATALOG_COMPILER_GLOBAL_ACCENT_COLOR_NAME = AccentColor;
				CODE_SIGN_STYLE = Automatic;
				CURRENT_PROJECT_VERSION = 1;
				ENABLE_PREVIEWS = YES;
				GENERATE_INFOPLIST_FILE = YES;
				INFOPLIST_KEY_UIApplicationSceneManifest_Generation = YES;
				INFOPLIST_KEY_UIApplicationSupportsIndirectInputEvents = YES;
				INFOPLIST_KEY_UILaunchScreen_Generation = YES;
				INFOPLIST_KEY_UISupportedInterfaceOrientations_iPad = "UIInterfaceOrientationPortrait UIInterfaceOrientationPortraitUpsideDown UIInterfaceOrientationLandscapeLeft UIInterfaceOrientationLandscapeRight";
				INFOPLIST_KEY_UISupportedInterfaceOrientations_iPhone = "UIInterfaceOrientationPortrait UIInterfaceOrientationLandscapeLeft UIInterfaceOrientationLandscapeRight";
				LD_RUNPATH_SEARCH_PATHS = (
					"$(inherited)",
					"@executable_path/Frameworks",
				);
				MARKETING_VERSION = 1.0;
				PRODUCT_BUNDLE_IDENTIFIER = com.ak.unitTesting;
				PRODUCT_NAME = "$(TARGET_NAME)";
				SWIFT_EMIT_LOC_STRINGS = YES;
				SWIFT_VERSION = 5.0;
				TARGETED_DEVICE_FAMILY = "1,2";
			};
			name = Debug;
		};
		233C60BE2DC0AF8F00F2D515 /* Release */ = {
			isa = XCBuildConfiguration;
			buildSettings = {
				ASSETCATALOG_COMPILER_APPICON_NAME = AppIcon;
				ASSETCATALOG_COMPILER_GLOBAL_ACCENT_COLOR_NAME = AccentColor;
				CODE_SIGN_STYLE = Automatic;
				CURRENT_PROJECT_VERSION = 1;
				ENABLE_PREVIEWS = YES;
				GENERATE_INFOPLIST_FILE = YES;
				INFOPLIST_KEY_UIApplicationSceneManifest_Generation = YES;
				INFOPLIST_KEY_UIApplicationSupportsIndirectInputEvents = YES;
				INFOPLIST_KEY_UILaunchScreen_Generation = YES;
				INFOPLIST_KEY_UISupportedInterfaceOrientations_iPad = "UIInterfaceOrientationPortrait UIInterfaceOrientationPortraitUpsideDown UIInterfaceOrientationLandscapeLeft UIInterfaceOrientationLandscapeRight";
				INFOPLIST_KEY_UISupportedInterfaceOrientations_iPhone = "UIInterfaceOrientationPortrait UIInterfaceOrientationLandscapeLeft UIInterfaceOrientationLandscapeRight";
				LD_RUNPATH_SEARCH_PATHS = (
					"$(inherited)",
					"@executable_path/Frameworks",
				);
				MARKETING_VERSION = 1.0;
				PRODUCT_BUNDLE_IDENTIFIER = com.ak.unitTesting;
				PRODUCT_NAME = "$(TARGET_NAME)";
				SWIFT_EMIT_LOC_STRINGS = YES;
				SWIFT_VERSION = 5.0;
				TARGETED_DEVICE_FAMILY = "1,2";
			};
			name = Release;
		};
		233C60C02DC0AF8F00F2D515 /* Debug */ = {
			isa = XCBuildConfiguration;
			buildSettings = {
				BUNDLE_LOADER = "$(TEST_HOST)";
				CODE_SIGN_STYLE = Automatic;
				CURRENT_PROJECT_VERSION = 1;
				GENERATE_INFOPLIST_FILE = YES;
				IPHONEOS_DEPLOYMENT_TARGET = 18.4;
				MARKETING_VERSION = 1.0;
				PRODUCT_BUNDLE_IDENTIFIER = com.ak.unitTestingTests;
				PRODUCT_NAME = "$(TARGET_NAME)";
				SWIFT_EMIT_LOC_STRINGS = NO;
				SWIFT_VERSION = 5.0;
				TARGETED_DEVICE_FAMILY = "1,2";
				TEST_HOST = "$(BUILT_PRODUCTS_DIR)/unitTesting.app/$(BUNDLE_EXECUTABLE_FOLDER_PATH)/unitTesting";
			};
			name = Debug;
		};
		233C60C12DC0AF8F00F2D515 /* Release */ = {
			isa = XCBuildConfiguration;
			buildSettings = {
				BUNDLE_LOADER = "$(TEST_HOST)";
				CODE_SIGN_STYLE = Automatic;
				CURRENT_PROJECT_VERSION = 1;
				GENERATE_INFOPLIST_FILE = YES;
				IPHONEOS_DEPLOYMENT_TARGET = 18.4;
				MARKETING_VERSION = 1.0;
				PRODUCT_BUNDLE_IDENTIFIER = com.ak.unitTestingTests;
				PRODUCT_NAME = "$(TARGET_NAME)";
				SWIFT_EMIT_LOC_STRINGS = NO;
				SWIFT_VERSION = 5.0;
				TARGETED_DEVICE_FAMILY = "1,2";
				TEST_HOST = "$(BUILT_PRODUCTS_DIR)/unitTesting.app/$(BUNDLE_EXECUTABLE_FOLDER_PATH)/unitTesting";
			};
			name = Release;
		};
		233C60C32DC0AF8F00F2D515 /* Debug */ = {
			isa = XCBuildConfiguration;
			buildSettings = {
				CODE_SIGN_STYLE = Automatic;
				CURRENT_PROJECT_VERSION = 1;
				GENERATE_INFOPLIST_FILE = YES;
				MARKETING_VERSION = 1.0;
				PRODUCT_BUNDLE_IDENTIFIER = com.ak.unitTestingUITests;
				PRODUCT_NAME = "$(TARGET_NAME)";
				SWIFT_EMIT_LOC_STRINGS = NO;
				SWIFT_VERSION = 5.0;
				TARGETED_DEVICE_FAMILY = "1,2";
				TEST_TARGET_NAME = unitTesting;
			};
			name = Debug;
		};
		233C60C42DC0AF8F00F2D515 /* Release */ = {
			isa = XCBuildConfiguration;
			buildSettings = {
				CODE_SIGN_STYLE = Automatic;
				CURRENT_PROJECT_VERSION = 1;
				GENERATE_INFOPLIST_FILE = YES;
				MARKETING_VERSION = 1.0;
				PRODUCT_BUNDLE_IDENTIFIER = com.ak.unitTestingUITests;
				PRODUCT_NAME = "$(TARGET_NAME)";
				SWIFT_EMIT_LOC_STRINGS = NO;
				SWIFT_VERSION = 5.0;
				TARGETED_DEVICE_FAMILY = "1,2";
				TEST_TARGET_NAME = unitTesting;
			};
			name = Release;
		};
/* End XCBuildConfiguration section */

/* Begin XCConfigurationList section */
		233C60962DC0AF8D00F2D515 /* Build configuration list for PBXProject "unitTesting" */ = {
			isa = XCConfigurationList;
			buildConfigurations = (
				233C60BA2DC0AF8F00F2D515 /* Debug */,
				233C60BB2DC0AF8F00F2D515 /* Release */,
			);
			defaultConfigurationIsVisible = 0;
			defaultConfigurationName = Release;
		};
		233C60BC2DC0AF8F00F2D515 /* Build configuration list for PBXNativeTarget "unitTesting" */ = {
			isa = XCConfigurationList;
			buildConfigurations = (
				233C60BD2DC0AF8F00F2D515 /* Debug */,
				233C60BE2DC0AF8F00F2D515 /* Release */,
			);
			defaultConfigurationIsVisible = 0;
			defaultConfigurationName = Release;
		};
		233C60BF2DC0AF8F00F2D515 /* Build configuration list for PBXNativeTarget "unitTestingTests" */ = {
			isa = XCConfigurationList;
			buildConfigurations = (
				233C60C02DC0AF8F00F2D515 /* Debug */,
				233C60C12DC0AF8F00F2D515 /* Release */,
			);
			defaultConfigurationIsVisible = 0;
			defaultConfigurationName = Release;
		};
		233C60C22DC0AF8F00F2D515 /* Build configuration list for PBXNativeTarget "unitTestingUITests" */ = {
			isa = XCConfigurationList;
			buildConfigurations = (
				233C60C32DC0AF8F00F2D515 /* Debug */,
				233C60C42DC0AF8F00F2D515 /* Release */,
			);
			defaultConfigurationIsVisible = 0;
			defaultConfigurationName = Release;
		};
/* End XCConfigurationList section */
	};
	rootObject = 233C60932DC0AF8D00F2D515 /* Project object */;
}
