// !$*UTF8*$!
{
	archiveVersion = 1;
	classes = {
	};
	objectVersion = 77;
	objects = {

/* Begin PBXBuildRule section */
		23EB529F2DD5F26A006F06D5 /* PBXBuildRule */ = {
			isa = PBXBuildRule;
			compilerSpec = com.apple.compilers.proxy.script;
			fileType = folder.rkassets;
			inputFiles = (
			);
			isEditable = 1;
			outputFiles = (
			);
			script = "# realitytool\n";
		};
/* End PBXBuildRule section */

/* Begin PBXContainerItemProxy section */
		23EB52682DD5CE2B006F06D5 /* PBXContainerItemProxy */ = {
			isa = PBXContainerItemProxy;
			containerPortal = 23EB52522DD5CE29006F06D5 /* Project object */;
			proxyType = 1;
			remoteGlobalIDString = 23EB52592DD5CE29006F06D5;
			remoteInfo = "camera-AV";
		};
		23EB52722DD5CE2B006F06D5 /* PBXContainerItemProxy */ = {
			isa = PBXContainerItemProxy;
			containerPortal = 23EB52522DD5CE29006F06D5 /* Project object */;
			proxyType = 1;
			remoteGlobalIDString = 23EB52592DD5CE29006F06D5;
			remoteInfo = "camera-AV";
		};
/* End PBXContainerItemProxy section */

/* Begin PBXFileReference section */
		23EB525A2DD5CE29006F06D5 /* camera-AV.app */ = {isa = PBXFileReference; explicitFileType = wrapper.application; includeInIndex = 0; path = "camera-AV.app"; sourceTree = BUILT_PRODUCTS_DIR; };
		23EB52672DD5CE2B006F06D5 /* camera-AVTests.xctest */ = {isa = PBXFileReference; explicitFileType = wrapper.cfbundle; includeInIndex = 0; path = "camera-AVTests.xctest"; sourceTree = BUILT_PRODUCTS_DIR; };
		23EB52712DD5CE2B006F06D5 /* camera-AVUITests.xctest */ = {isa = PBXFileReference; explicitFileType = wrapper.cfbundle; includeInIndex = 0; path = "camera-AVUITests.xctest"; sourceTree = BUILT_PRODUCTS_DIR; };
/* End PBXFileReference section */

/* Begin PBXFileSystemSynchronizedBuildFileExceptionSet section */
		23EB52912DD5E287006F06D5 /* Exceptions for "camera-AV" folder in "camera-AV" target */ = {
			isa = PBXFileSystemSynchronizedBuildFileExceptionSet;
			membershipExceptions = (
				Info.plist,
			);
			target = 23EB52592DD5CE29006F06D5 /* camera-AV */;
		};
/* End PBXFileSystemSynchronizedBuildFileExceptionSet section */

/* Begin PBXFileSystemSynchronizedRootGroup section */
		23EB525C2DD5CE29006F06D5 /* camera-AV */ = {
			isa = PBXFileSystemSynchronizedRootGroup;
			exceptions = (
				23EB52912DD5E287006F06D5 /* Exceptions for "camera-AV" folder in "camera-AV" target */,
			);
			path = "camera-AV";
			sourceTree = "<group>";
		};
		23EB526A2DD5CE2B006F06D5 /* camera-AVTests */ = {
			isa = PBXFileSystemSynchronizedRootGroup;
			path = "camera-AVTests";
			sourceTree = "<group>";
		};
		23EB52742DD5CE2B006F06D5 /* camera-AVUITests */ = {
			isa = PBXFileSystemSynchronizedRootGroup;
			path = "camera-AVUITests";
			sourceTree = "<group>";
		};
/* End PBXFileSystemSynchronizedRootGroup section */

/* Begin PBXFrameworksBuildPhase section */
		23EB52572DD5CE29006F06D5 /* Frameworks */ = {
			isa = PBXFrameworksBuildPhase;
			buildActionMask = 2147483647;
			files = (
			);
			runOnlyForDeploymentPostprocessing = 0;
		};
		23EB52642DD5CE2B006F06D5 /* Frameworks */ = {
			isa = PBXFrameworksBuildPhase;
			buildActionMask = 2147483647;
			files = (
			);
			runOnlyForDeploymentPostprocessing = 0;
		};
		23EB526E2DD5CE2B006F06D5 /* Frameworks */ = {
			isa = PBXFrameworksBuildPhase;
			buildActionMask = 2147483647;
			files = (
			);
			runOnlyForDeploymentPostprocessing = 0;
		};
/* End PBXFrameworksBuildPhase section */

/* Begin PBXGroup section */
		23EB52512DD5CE29006F06D5 = {
			isa = PBXGroup;
			children = (
				23EB525C2DD5CE29006F06D5 /* camera-AV */,
				23EB526A2DD5CE2B006F06D5 /* camera-AVTests */,
				23EB52742DD5CE2B006F06D5 /* camera-AVUITests */,
				23EB525B2DD5CE29006F06D5 /* Products */,
			);
			sourceTree = "<group>";
		};
		23EB525B2DD5CE29006F06D5 /* Products */ = {
			isa = PBXGroup;
			children = (
				23EB525A2DD5CE29006F06D5 /* camera-AV.app */,
				23EB52672DD5CE2B006F06D5 /* camera-AVTests.xctest */,
				23EB52712DD5CE2B006F06D5 /* camera-AVUITests.xctest */,
			);
			name = Products;
			sourceTree = "<group>";
		};
/* End PBXGroup section */

/* Begin PBXNativeTarget section */
		23EB52592DD5CE29006F06D5 /* camera-AV */ = {
			isa = PBXNativeTarget;
			buildConfigurationList = 23EB527B2DD5CE2B006F06D5 /* Build configuration list for PBXNativeTarget "camera-AV" */;
			buildPhases = (
				23EB52562DD5CE29006F06D5 /* Sources */,
				23EB52572DD5CE29006F06D5 /* Frameworks */,
				23EB52582DD5CE29006F06D5 /* Resources */,
			);
			buildRules = (
				23EB529F2DD5F26A006F06D5 /* PBXBuildRule */,
			);
			dependencies = (
			);
			fileSystemSynchronizedGroups = (
				23EB525C2DD5CE29006F06D5 /* camera-AV */,
			);
			name = "camera-AV";
			packageProductDependencies = (
			);
			productName = "camera-AV";
			productReference = 23EB525A2DD5CE29006F06D5 /* camera-AV.app */;
			productType = "com.apple.product-type.application";
		};
		23EB52662DD5CE2B006F06D5 /* camera-AVTests */ = {
			isa = PBXNativeTarget;
			buildConfigurationList = 23EB527E2DD5CE2B006F06D5 /* Build configuration list for PBXNativeTarget "camera-AVTests" */;
			buildPhases = (
				23EB52632DD5CE2B006F06D5 /* Sources */,
				23EB52642DD5CE2B006F06D5 /* Frameworks */,
				23EB52652DD5CE2B006F06D5 /* Resources */,
			);
			buildRules = (
			);
			dependencies = (
				23EB52692DD5CE2B006F06D5 /* PBXTargetDependency */,
			);
			fileSystemSynchronizedGroups = (
				23EB526A2DD5CE2B006F06D5 /* camera-AVTests */,
			);
			name = "camera-AVTests";
			packageProductDependencies = (
			);
			productName = "camera-AVTests";
			productReference = 23EB52672DD5CE2B006F06D5 /* camera-AVTests.xctest */;
			productType = "com.apple.product-type.bundle.unit-test";
		};
		23EB52702DD5CE2B006F06D5 /* camera-AVUITests */ = {
			isa = PBXNativeTarget;
			buildConfigurationList = 23EB52812DD5CE2B006F06D5 /* Build configuration list for PBXNativeTarget "camera-AVUITests" */;
			buildPhases = (
				23EB526D2DD5CE2B006F06D5 /* Sources */,
				23EB526E2DD5CE2B006F06D5 /* Frameworks */,
				23EB526F2DD5CE2B006F06D5 /* Resources */,
			);
			buildRules = (
			);
			dependencies = (
				23EB52732DD5CE2B006F06D5 /* PBXTargetDependency */,
			);
			fileSystemSynchronizedGroups = (
				23EB52742DD5CE2B006F06D5 /* camera-AVUITests */,
			);
			name = "camera-AVUITests";
			packageProductDependencies = (
			);
			productName = "camera-AVUITests";
			productReference = 23EB52712DD5CE2B006F06D5 /* camera-AVUITests.xctest */;
			productType = "com.apple.product-type.bundle.ui-testing";
		};
/* End PBXNativeTarget section */

/* Begin PBXProject section */
		23EB52522DD5CE29006F06D5 /* Project object */ = {
			isa = PBXProject;
			attributes = {
				BuildIndependentTargetsInParallel = 1;
				LastSwiftUpdateCheck = 1630;
				LastUpgradeCheck = 1630;
				TargetAttributes = {
					23EB52592DD5CE29006F06D5 = {
						CreatedOnToolsVersion = 16.3;
					};
					23EB52662DD5CE2B006F06D5 = {
						CreatedOnToolsVersion = 16.3;
						TestTargetID = 23EB52592DD5CE29006F06D5;
					};
					23EB52702DD5CE2B006F06D5 = {
						CreatedOnToolsVersion = 16.3;
						TestTargetID = 23EB52592DD5CE29006F06D5;
					};
				};
			};
			buildConfigurationList = 23EB52552DD5CE29006F06D5 /* Build configuration list for PBXProject "camera-AV" */;
			developmentRegion = en;
			hasScannedForEncodings = 0;
			knownRegions = (
				en,
				Base,
			);
			mainGroup = 23EB52512DD5CE29006F06D5;
			minimizedProjectReferenceProxies = 1;
			preferredProjectObjectVersion = 77;
			productRefGroup = 23EB525B2DD5CE29006F06D5 /* Products */;
			projectDirPath = "";
			projectRoot = "";
			targets = (
				23EB52592DD5CE29006F06D5 /* camera-AV */,
				23EB52662DD5CE2B006F06D5 /* camera-AVTests */,
				23EB52702DD5CE2B006F06D5 /* camera-AVUITests */,
			);
		};
/* End PBXProject section */

/* Begin PBXResourcesBuildPhase section */
		23EB52582DD5CE29006F06D5 /* Resources */ = {
			isa = PBXResourcesBuildPhase;
			buildActionMask = 2147483647;
			files = (
			);
			runOnlyForDeploymentPostprocessing = 0;
		};
		23EB52652DD5CE2B006F06D5 /* Resources */ = {
			isa = PBXResourcesBuildPhase;
			buildActionMask = 2147483647;
			files = (
			);
			runOnlyForDeploymentPostprocessing = 0;
		};
		23EB526F2DD5CE2B006F06D5 /* Resources */ = {
			isa = PBXResourcesBuildPhase;
			buildActionMask = 2147483647;
			files = (
			);
			runOnlyForDeploymentPostprocessing = 0;
		};
/* End PBXResourcesBuildPhase section */

/* Begin PBXSourcesBuildPhase section */
		23EB52562DD5CE29006F06D5 /* Sources */ = {
			isa = PBXSourcesBuildPhase;
			buildActionMask = 2147483647;
			files = (
			);
			runOnlyForDeploymentPostprocessing = 0;
		};
		23EB52632DD5CE2B006F06D5 /* Sources */ = {
			isa = PBXSourcesBuildPhase;
			buildActionMask = 2147483647;
			files = (
			);
			runOnlyForDeploymentPostprocessing = 0;
		};
		23EB526D2DD5CE2B006F06D5 /* Sources */ = {
			isa = PBXSourcesBuildPhase;
			buildActionMask = 2147483647;
			files = (
			);
			runOnlyForDeploymentPostprocessing = 0;
		};
/* End PBXSourcesBuildPhase section */

/* Begin PBXTargetDependency section */
		23EB52692DD5CE2B006F06D5 /* PBXTargetDependency */ = {
			isa = PBXTargetDependency;
			target = 23EB52592DD5CE29006F06D5 /* camera-AV */;
			targetProxy = 23EB52682DD5CE2B006F06D5 /* PBXContainerItemProxy */;
		};
		23EB52732DD5CE2B006F06D5 /* PBXTargetDependency */ = {
			isa = PBXTargetDependency;
			target = 23EB52592DD5CE29006F06D5 /* camera-AV */;
			targetProxy = 23EB52722DD5CE2B006F06D5 /* PBXContainerItemProxy */;
		};
/* End PBXTargetDependency section */

/* Begin XCBuildConfiguration section */
		23EB52792DD5CE2B006F06D5 /* Debug */ = {
			isa = XCBuildConfiguration;
			buildSettings = {
				ALWAYS_SEARCH_USER_PATHS = NO;
				ASSETCATALOG_COMPILER_GENERATE_SWIFT_ASSET_SYMBOL_EXTENSIONS = YES;
				CLANG_ANALYZER_NONNULL = YES;
				CLANG_ANALYZER_NUMBER_OBJECT_CONVERSION = YES_AGGRESSIVE;
				CLANG_CXX_LANGUAGE_STANDARD = "gnu++20";
				CLANG_ENABLE_MODULES = YES;
				CLANG_ENABLE_OBJC_ARC = YES;
				CLANG_ENABLE_OBJC_WEAK = YES;
				CLANG_WARN_BLOCK_CAPTURE_AUTORELEASING = YES;
				CLANG_WARN_BOOL_CONVERSION = YES;
				CLANG_WARN_COMMA = YES;
				CLANG_WARN_CONSTANT_CONVERSION = YES;
				CLANG_WARN_DEPRECATED_OBJC_IMPLEMENTATIONS = YES;
				CLANG_WARN_DIRECT_OBJC_ISA_USAGE = YES_ERROR;
				CLANG_WARN_DOCUMENTATION_COMMENTS = YES;
				CLANG_WARN_EMPTY_BODY = YES;
				CLANG_WARN_ENUM_CONVERSION = YES;
				CLANG_WARN_INFINITE_RECURSION = YES;
				CLANG_WARN_INT_CONVERSION = YES;
				CLANG_WARN_NON_LITERAL_NULL_CONVERSION = YES;
				CLANG_WARN_OBJC_IMPLICIT_RETAIN_SELF = YES;
				CLANG_WARN_OBJC_LITERAL_CONVERSION = YES;
				CLANG_WARN_OBJC_ROOT_CLASS = YES_ERROR;
				CLANG_WARN_QUOTED_INCLUDE_IN_FRAMEWORK_HEADER = YES;
				CLANG_WARN_RANGE_LOOP_ANALYSIS = YES;
				CLANG_WARN_STRICT_PROTOTYPES = YES;
				CLANG_WARN_SUSPICIOUS_MOVE = YES;
				CLANG_WARN_UNGUARDED_AVAILABILITY = YES_AGGRESSIVE;
				CLANG_WARN_UNREACHABLE_CODE = YES;
				CLANG_WARN__DUPLICATE_METHOD_MATCH = YES;
				COPY_PHASE_STRIP = NO;
				DEBUG_INFORMATION_FORMAT = dwarf;
				ENABLE_STRICT_OBJC_MSGSEND = YES;
				ENABLE_TESTABILITY = YES;
				ENABLE_USER_SCRIPT_SANDBOXING = YES;
				GCC_C_LANGUAGE_STANDARD = gnu17;
				GCC_DYNAMIC_NO_PIC = NO;
				GCC_NO_COMMON_BLOCKS = YES;
				GCC_OPTIMIZATION_LEVEL = 0;
				GCC_PREPROCESSOR_DEFINITIONS = (
					"DEBUG=1",
					"$(inherited)",
				);
				GCC_WARN_64_TO_32_BIT_CONVERSION = YES;
				GCC_WARN_ABOUT_RETURN_TYPE = YES_ERROR;
				GCC_WARN_UNDECLARED_SELECTOR = YES;
				GCC_WARN_UNINITIALIZED_AUTOS = YES_AGGRESSIVE;
				GCC_WARN_UNUSED_FUNCTION = YES;
				GCC_WARN_UNUSED_VARIABLE = YES;
				IPHONEOS_DEPLOYMENT_TARGET = 18.4;
				LOCALIZATION_PREFERS_STRING_CATALOGS = YES;
				MTL_ENABLE_DEBUG_INFO = INCLUDE_SOURCE;
				MTL_FAST_MATH = YES;
				ONLY_ACTIVE_ARCH = YES;
				SDKROOT = iphoneos;
				SWIFT_ACTIVE_COMPILATION_CONDITIONS = "DEBUG $(inherited)";
				SWIFT_OPTIMIZATION_LEVEL = "-Onone";
			};
			name = Debug;
		};
		23EB527A2DD5CE2B006F06D5 /* Release */ = {
			isa = XCBuildConfiguration;
			buildSettings = {
				ALWAYS_SEARCH_USER_PATHS = NO;
				ASSETCATALOG_COMPILER_GENERATE_SWIFT_ASSET_SYMBOL_EXTENSIONS = YES;
				CLANG_ANALYZER_NONNULL = YES;
				CLANG_ANALYZER_NUMBER_OBJECT_CONVERSION = YES_AGGRESSIVE;
				CLANG_CXX_LANGUAGE_STANDARD = "gnu++20";
				CLANG_ENABLE_MODULES = YES;
				CLANG_ENABLE_OBJC_ARC = YES;
				CLANG_ENABLE_OBJC_WEAK = YES;
				CLANG_WARN_BLOCK_CAPTURE_AUTORELEASING = YES;
				CLANG_WARN_BOOL_CONVERSION = YES;
				CLANG_WARN_COMMA = YES;
				CLANG_WARN_CONSTANT_CONVERSION = YES;
				CLANG_WARN_DEPRECATED_OBJC_IMPLEMENTATIONS = YES;
				CLANG_WARN_DIRECT_OBJC_ISA_USAGE = YES_ERROR;
				CLANG_WARN_DOCUMENTATION_COMMENTS = YES;
				CLANG_WARN_EMPTY_BODY = YES;
				CLANG_WARN_ENUM_CONVERSION = YES;
				CLANG_WARN_INFINITE_RECURSION = YES;
				CLANG_WARN_INT_CONVERSION = YES;
				CLANG_WARN_NON_LITERAL_NULL_CONVERSION = YES;
				CLANG_WARN_OBJC_IMPLICIT_RETAIN_SELF = YES;
				CLANG_WARN_OBJC_LITERAL_CONVERSION = YES;
				CLANG_WARN_OBJC_ROOT_CLASS = YES_ERROR;
				CLANG_WARN_QUOTED_INCLUDE_IN_FRAMEWORK_HEADER = YES;
				CLANG_WARN_RANGE_LOOP_ANALYSIS = YES;
				CLANG_WARN_STRICT_PROTOTYPES = YES;
				CLANG_WARN_SUSPICIOUS_MOVE = YES;
				CLANG_WARN_UNGUARDED_AVAILABILITY = YES_AGGRESSIVE;
				CLANG_WARN_UNREACHABLE_CODE = YES;
				CLANG_WARN__DUPLICATE_METHOD_MATCH = YES;
				COPY_PHASE_STRIP = NO;
				DEBUG_INFORMATION_FORMAT = "dwarf-with-dsym";
				ENABLE_NS_ASSERTIONS = NO;
				ENABLE_STRICT_OBJC_MSGSEND = YES;
				ENABLE_USER_SCRIPT_SANDBOXING = YES;
				GCC_C_LANGUAGE_STANDARD = gnu17;
				GCC_NO_COMMON_BLOCKS = YES;
				GCC_WARN_64_TO_32_BIT_CONVERSION = YES;
				GCC_WARN_ABOUT_RETURN_TYPE = YES_ERROR;
				GCC_WARN_UNDECLARED_SELECTOR = YES;
				GCC_WARN_UNINITIALIZED_AUTOS = YES_AGGRESSIVE;
				GCC_WARN_UNUSED_FUNCTION = YES;
				GCC_WARN_UNUSED_VARIABLE = YES;
				IPHONEOS_DEPLOYMENT_TARGET = 18.4;
				LOCALIZATION_PREFERS_STRING_CATALOGS = YES;
				MTL_ENABLE_DEBUG_INFO = NO;
				MTL_FAST_MATH = YES;
				SDKROOT = iphoneos;
				SWIFT_COMPILATION_MODE = wholemodule;
				VALIDATE_PRODUCT = YES;
			};
			name = Release;
		};
		23EB527C2DD5CE2B006F06D5 /* Debug */ = {
			isa = XCBuildConfiguration;
			buildSettings = {
				ASSETCATALOG_COMPILER_APPICON_NAME = AppIcon;
				ASSETCATALOG_COMPILER_GLOBAL_ACCENT_COLOR_NAME = AccentColor;
				CODE_SIGN_ENTITLEMENTS = "camera-AV/camera-AV.entitlements";
				CODE_SIGN_STYLE = Automatic;
				CURRENT_PROJECT_VERSION = 1;
				DEVELOPMENT_TEAM = QT6J7TF6T5;
				ENABLE_PREVIEWS = YES;
				GENERATE_INFOPLIST_FILE = YES;
				INFOPLIST_FILE = "camera-AV/Info.plist";
				INFOPLIST_KEY_NSCameraUsageDescription = "";
				INFOPLIST_KEY_NSMicrophoneUsageDescription = "";
				INFOPLIST_KEY_UIApplicationSceneManifest_Generation = YES;
				INFOPLIST_KEY_UIApplicationSupportsIndirectInputEvents = YES;
				INFOPLIST_KEY_UILaunchScreen_Generation = YES;
				INFOPLIST_KEY_UISupportedInterfaceOrientations_iPad = "UIInterfaceOrientationPortrait UIInterfaceOrientationPortraitUpsideDown UIInterfaceOrientationLandscapeLeft UIInterfaceOrientationLandscapeRight";
				INFOPLIST_KEY_UISupportedInterfaceOrientations_iPhone = "UIInterfaceOrientationPortrait UIInterfaceOrientationLandscapeLeft UIInterfaceOrientationLandscapeRight";
				IPHONEOS_DEPLOYMENT_TARGET = 16.4;
				LD_RUNPATH_SEARCH_PATHS = (
					"$(inherited)",
					"@executable_path/Frameworks",
				);
				MARKETING_VERSION = 1.0;
				PRODUCT_BUNDLE_IDENTIFIER = "com.ak.camera-AV";
				PRODUCT_NAME = "$(TARGET_NAME)";
				SWIFT_EMIT_LOC_STRINGS = YES;
				SWIFT_VERSION = 5.0;
				TARGETED_DEVICE_FAMILY = "1,2";
			};
			name = Debug;
		};
		23EB527D2DD5CE2B006F06D5 /* Release */ = {
			isa = XCBuildConfiguration;
			buildSettings = {
				ASSETCATALOG_COMPILER_APPICON_NAME = AppIcon;
				ASSETCATALOG_COMPILER_GLOBAL_ACCENT_COLOR_NAME = AccentColor;
				CODE_SIGN_ENTITLEMENTS = "camera-AV/camera-AV.entitlements";
				CODE_SIGN_STYLE = Automatic;
				CURRENT_PROJECT_VERSION = 1;
				DEVELOPMENT_TEAM = QT6J7TF6T5;
				ENABLE_PREVIEWS = YES;
				GENERATE_INFOPLIST_FILE = YES;
				INFOPLIST_FILE = "camera-AV/Info.plist";
				INFOPLIST_KEY_NSCameraUsageDescription = "";
				INFOPLIST_KEY_NSMicrophoneUsageDescription = "";
				INFOPLIST_KEY_UIApplicationSceneManifest_Generation = YES;
				INFOPLIST_KEY_UIApplicationSupportsIndirectInputEvents = YES;
				INFOPLIST_KEY_UILaunchScreen_Generation = YES;
				INFOPLIST_KEY_UISupportedInterfaceOrientations_iPad = "UIInterfaceOrientationPortrait UIInterfaceOrientationPortraitUpsideDown UIInterfaceOrientationLandscapeLeft UIInterfaceOrientationLandscapeRight";
				INFOPLIST_KEY_UISupportedInterfaceOrientations_iPhone = "UIInterfaceOrientationPortrait UIInterfaceOrientationLandscapeLeft UIInterfaceOrientationLandscapeRight";
				IPHONEOS_DEPLOYMENT_TARGET = 16.4;
				LD_RUNPATH_SEARCH_PATHS = (
					"$(inherited)",
					"@executable_path/Frameworks",
				);
				MARKETING_VERSION = 1.0;
				PRODUCT_BUNDLE_IDENTIFIER = "com.ak.camera-AV";
				PRODUCT_NAME = "$(TARGET_NAME)";
				SWIFT_EMIT_LOC_STRINGS = YES;
				SWIFT_VERSION = 5.0;
				TARGETED_DEVICE_FAMILY = "1,2";
			};
			name = Release;
		};
		23EB527F2DD5CE2B006F06D5 /* Debug */ = {
			isa = XCBuildConfiguration;
			buildSettings = {
				BUNDLE_LOADER = "$(TEST_HOST)";
				CODE_SIGN_STYLE = Automatic;
				CURRENT_PROJECT_VERSION = 1;
				GENERATE_INFOPLIST_FILE = YES;
				IPHONEOS_DEPLOYMENT_TARGET = 18.4;
				MARKETING_VERSION = 1.0;
				PRODUCT_BUNDLE_IDENTIFIER = "com.ak.camera-AVTests";
				PRODUCT_NAME = "$(TARGET_NAME)";
				SWIFT_EMIT_LOC_STRINGS = NO;
				SWIFT_VERSION = 5.0;
				TARGETED_DEVICE_FAMILY = "1,2";
				TEST_HOST = "$(BUILT_PRODUCTS_DIR)/camera-AV.app/$(BUNDLE_EXECUTABLE_FOLDER_PATH)/camera-AV";
			};
			name = Debug;
		};
		23EB52802DD5CE2B006F06D5 /* Release */ = {
			isa = XCBuildConfiguration;
			buildSettings = {
				BUNDLE_LOADER = "$(TEST_HOST)";
				CODE_SIGN_STYLE = Automatic;
				CURRENT_PROJECT_VERSION = 1;
				GENERATE_INFOPLIST_FILE = YES;
				IPHONEOS_DEPLOYMENT_TARGET = 18.4;
				MARKETING_VERSION = 1.0;
				PRODUCT_BUNDLE_IDENTIFIER = "com.ak.camera-AVTests";
				PRODUCT_NAME = "$(TARGET_NAME)";
				SWIFT_EMIT_LOC_STRINGS = NO;
				SWIFT_VERSION = 5.0;
				TARGETED_DEVICE_FAMILY = "1,2";
				TEST_HOST = "$(BUILT_PRODUCTS_DIR)/camera-AV.app/$(BUNDLE_EXECUTABLE_FOLDER_PATH)/camera-AV";
			};
			name = Release;
		};
		23EB52822DD5CE2B006F06D5 /* Debug */ = {
			isa = XCBuildConfiguration;
			buildSettings = {
				CODE_SIGN_STYLE = Automatic;
				CURRENT_PROJECT_VERSION = 1;
				GENERATE_INFOPLIST_FILE = YES;
				MARKETING_VERSION = 1.0;
				PRODUCT_BUNDLE_IDENTIFIER = "com.ak.camera-AVUITests";
				PRODUCT_NAME = "$(TARGET_NAME)";
				SWIFT_EMIT_LOC_STRINGS = NO;
				SWIFT_VERSION = 5.0;
				TARGETED_DEVICE_FAMILY = "1,2";
				TEST_TARGET_NAME = "camera-AV";
			};
			name = Debug;
		};
		23EB52832DD5CE2B006F06D5 /* Release */ = {
			isa = XCBuildConfiguration;
			buildSettings = {
				CODE_SIGN_STYLE = Automatic;
				CURRENT_PROJECT_VERSION = 1;
				GENERATE_INFOPLIST_FILE = YES;
				MARKETING_VERSION = 1.0;
				PRODUCT_BUNDLE_IDENTIFIER = "com.ak.camera-AVUITests";
				PRODUCT_NAME = "$(TARGET_NAME)";
				SWIFT_EMIT_LOC_STRINGS = NO;
				SWIFT_VERSION = 5.0;
				TARGETED_DEVICE_FAMILY = "1,2";
				TEST_TARGET_NAME = "camera-AV";
			};
			name = Release;
		};
/* End XCBuildConfiguration section */

/* Begin XCConfigurationList section */
		23EB52552DD5CE29006F06D5 /* Build configuration list for PBXProject "camera-AV" */ = {
			isa = XCConfigurationList;
			buildConfigurations = (
				23EB52792DD5CE2B006F06D5 /* Debug */,
				23EB527A2DD5CE2B006F06D5 /* Release */,
			);
			defaultConfigurationIsVisible = 0;
			defaultConfigurationName = Release;
		};
		23EB527B2DD5CE2B006F06D5 /* Build configuration list for PBXNativeTarget "camera-AV" */ = {
			isa = XCConfigurationList;
			buildConfigurations = (
				23EB527C2DD5CE2B006F06D5 /* Debug */,
				23EB527D2DD5CE2B006F06D5 /* Release */,
			);
			defaultConfigurationIsVisible = 0;
			defaultConfigurationName = Release;
		};
		23EB527E2DD5CE2B006F06D5 /* Build configuration list for PBXNativeTarget "camera-AVTests" */ = {
			isa = XCConfigurationList;
			buildConfigurations = (
				23EB527F2DD5CE2B006F06D5 /* Debug */,
				23EB52802DD5CE2B006F06D5 /* Release */,
			);
			defaultConfigurationIsVisible = 0;
			defaultConfigurationName = Release;
		};
		23EB52812DD5CE2B006F06D5 /* Build configuration list for PBXNativeTarget "camera-AVUITests" */ = {
			isa = XCConfigurationList;
			buildConfigurations = (
				23EB52822DD5CE2B006F06D5 /* Debug */,
				23EB52832DD5CE2B006F06D5 /* Release */,
			);
			defaultConfigurationIsVisible = 0;
			defaultConfigurationName = Release;
		};
/* End XCConfigurationList section */
	};
	rootObject = 23EB52522DD5CE29006F06D5 /* Project object */;
}
